
Microsoft Visual Studio Solution File, Format Version 12.00
# Visual Studio 14
VisualStudioVersion = 14.0.25420.1
MinimumVisualStudioVersion = 10.0.40219.1
Project("{FAE04EC0-301F-11D3-BF4B-00C04F79EFBC}") = "HulkOut.Api", "HulkOut.Api\HulkOut.Api.csproj", "{2D9BC182-0320-4E7F-AC40-4545602DCA2B}"
EndProject
Project("{FAE04EC0-301F-11D3-BF4B-00C04F79EFBC}") = "HulkOut.Models", "HulkOut.Models\HulkOut.Models.csproj", "{5A2EDC31-49CE-4A71-BE6C-F3013A26FDB6}"
EndProject
Project("{FAE04EC0-301F-11D3-BF4B-00C04F79EFBC}") = "HulkOut.Interfaces", "HulkOut.Interfaces\HulkOut.Interfaces.csproj", "{3251BC74-40AF-4B64-AC4C-6607B46FAAFA}"
EndProject
Project("{FAE04EC0-301F-11D3-BF4B-00C04F79EFBC}") = "HulkOut.Logic", "HulkOut.Logic\HulkOut.Logic.csproj", "{A699E9A1-9C4B-4F3B-A1BB-18A472D37CBD}"
EndProject
Project("{FAE04EC0-301F-11D3-BF4B-00C04F79EFBC}") = "HulkOut.Data", "HulkOut.Data\HulkOut.Data.csproj", "{E5DC4212-3AEE-4915-8783-1A72B4FBF376}"
EndProject
Project("{2150E333-8FDC-42A3-9474-1A3956D46DE8}") = "API", "API", "{7AAD05E4-5FC3-46C2-9F5F-52E3C54662B0}"
EndProject
Project("{2150E333-8FDC-42A3-9474-1A3956D46DE8}") = "LOGIC", "LOGIC", "{A71A73E9-41F8-42EF-B61B-9F0E5DF507E4}"
EndProject
Project("{2150E333-8FDC-42A3-9474-1A3956D46DE8}") = "DATA", "DATA", "{A65AF6F5-46DB-4D96-9309-AFBA8C1B6C58}"
EndProject
Project("{2150E333-8FDC-42A3-9474-1A3956D46DE8}") = "SHARED", "SHARED", "{3E6C4225-BE77-42BD-94BC-FF211483AD00}"
EndProject
Project("{2150E333-8FDC-42A3-9474-1A3956D46DE8}") = "CORE", "CORE", "{18002F3C-FD98-49FD-9093-8784C5B3C20F}"
EndProject
Project("{FAE04EC0-301F-11D3-BF4B-00C04F79EFBC}") = "HulkOut.Core.DataAccess", "HulkOut.Core.DataAccess\HulkOut.Core.DataAccess.csproj", "{E404DDC3-D573-4030-B446-0DE8176FD174}"
EndProject
Global
	GlobalSection(SolutionConfigurationPlatforms) = preSolution
		Debug|Any CPU = Debug|Any CPU
		Release|Any CPU = Release|Any CPU
	EndGlobalSection
	GlobalSection(ProjectConfigurationPlatforms) = postSolution
		{2D9BC182-0320-4E7F-AC40-4545602DCA2B}.Debug|Any CPU.ActiveCfg = Debug|Any CPU
		{2D9BC182-0320-4E7F-AC40-4545602DCA2B}.Debug|Any CPU.Build.0 = Debug|Any CPU
		{2D9BC182-0320-4E7F-AC40-4545602DCA2B}.Release|Any CPU.ActiveCfg = Release|Any CPU
		{2D9BC182-0320-4E7F-AC40-4545602DCA2B}.Release|Any CPU.Build.0 = Release|Any CPU
		{5A2EDC31-49CE-4A71-BE6C-F3013A26FDB6}.Debug|Any CPU.ActiveCfg = Debug|Any CPU
		{5A2EDC31-49CE-4A71-BE6C-F3013A26FDB6}.Debug|Any CPU.Build.0 = Debug|Any CPU
		{5A2EDC31-49CE-4A71-BE6C-F3013A26FDB6}.Release|Any CPU.ActiveCfg = Release|Any CPU
		{5A2EDC31-49CE-4A71-BE6C-F3013A26FDB6}.Release|Any CPU.Build.0 = Release|Any CPU
		{3251BC74-40AF-4B64-AC4C-6607B46FAAFA}.Debug|Any CPU.ActiveCfg = Debug|Any CPU
		{3251BC74-40AF-4B64-AC4C-6607B46FAAFA}.Debug|Any CPU.Build.0 = Debug|Any CPU
		{3251BC74-40AF-4B64-AC4C-6607B46FAAFA}.Release|Any CPU.ActiveCfg = Release|Any CPU
		{3251BC74-40AF-4B64-AC4C-6607B46FAAFA}.Release|Any CPU.Build.0 = Release|Any CPU
		{A699E9A1-9C4B-4F3B-A1BB-18A472D37CBD}.Debug|Any CPU.ActiveCfg = Debug|Any CPU
		{A699E9A1-9C4B-4F3B-A1BB-18A472D37CBD}.Debug|Any CPU.Build.0 = Debug|Any CPU
		{A699E9A1-9C4B-4F3B-A1BB-18A472D37CBD}.Release|Any CPU.ActiveCfg = Release|Any CPU
		{A699E9A1-9C4B-4F3B-A1BB-18A472D37CBD}.Release|Any CPU.Build.0 = Release|Any CPU
		{E5DC4212-3AEE-4915-8783-1A72B4FBF376}.Debug|Any CPU.ActiveCfg = Debug|Any CPU
		{E5DC4212-3AEE-4915-8783-1A72B4FBF376}.Debug|Any CPU.Build.0 = Debug|Any CPU
		{E5DC4212-3AEE-4915-8783-1A72B4FBF376}.Release|Any CPU.ActiveCfg = Release|Any CPU
		{E5DC4212-3AEE-4915-8783-1A72B4FBF376}.Release|Any CPU.Build.0 = Release|Any CPU
		{E404DDC3-D573-4030-B446-0DE8176FD174}.Debug|Any CPU.ActiveCfg = Debug|Any CPU
		{E404DDC3-D573-4030-B446-0DE8176FD174}.Debug|Any CPU.Build.0 = Debug|Any CPU
		{E404DDC3-D573-4030-B446-0DE8176FD174}.Release|Any CPU.ActiveCfg = Release|Any CPU
		{E404DDC3-D573-4030-B446-0DE8176FD174}.Release|Any CPU.Build.0 = Release|Any CPU
	EndGlobalSection
	GlobalSection(SolutionProperties) = preSolution
		HideSolutionNode = FALSE
	EndGlobalSection
	GlobalSection(NestedProjects) = preSolution
		{2D9BC182-0320-4E7F-AC40-4545602DCA2B} = {7AAD05E4-5FC3-46C2-9F5F-52E3C54662B0}
		{5A2EDC31-49CE-4A71-BE6C-F3013A26FDB6} = {3E6C4225-BE77-42BD-94BC-FF211483AD00}
		{3251BC74-40AF-4B64-AC4C-6607B46FAAFA} = {3E6C4225-BE77-42BD-94BC-FF211483AD00}
		{A699E9A1-9C4B-4F3B-A1BB-18A472D37CBD} = {A71A73E9-41F8-42EF-B61B-9F0E5DF507E4}
		{E5DC4212-3AEE-4915-8783-1A72B4FBF376} = {A65AF6F5-46DB-4D96-9309-AFBA8C1B6C58}
		{E404DDC3-D573-4030-B446-0DE8176FD174} = {18002F3C-FD98-49FD-9093-8784C5B3C20F}
	EndGlobalSection
EndGlobal
