
Microsoft Visual Studio Solution File, Format Version 12.00
# Visual Studio 15
VisualStudioVersion = 15.0.26430.6
MinimumVisualStudioVersion = 10.0.40219.1
Project("{FAE04EC0-301F-11D3-BF4B-00C04F79EFBC}") = "HulkOut.Api", "HulkOut.Api\HulkOut.Api.csproj", "{128DD7A9-673A-4B09-913D-3ADCA5AF683F}"
EndProject
Project("{E53339B2-1760-4266-BCC7-CA923CBCF16C}") = "docker-compose", "docker-compose.dcproj", "{0C55D7A2-0722-44D8-9370-B60E4B49D033}"
EndProject
Project("{FAE04EC0-301F-11D3-BF4B-00C04F79EFBC}") = "HulkOut.Utils", "HulkOut.Utils\HulkOut.Utils.csproj", "{B4BCBB01-22F4-4F69-BA5D-0EDC79EF5FF9}"
EndProject
Project("{FAE04EC0-301F-11D3-BF4B-00C04F79EFBC}") = "HulkOut.Utils.Tests", "HulkOut.Utils.Tests\HulkOut.Utils.Tests.csproj", "{D47BEC2F-1255-44A4-B55E-4BFAC04B89A0}"
EndProject
Project("{2150E333-8FDC-42A3-9474-1A3956D46DE8}") = "API", "API", "{BF67F7D8-00BA-4784-840A-2C61CD0CE483}"
EndProject
Project("{2150E333-8FDC-42A3-9474-1A3956D46DE8}") = "CORE", "CORE", "{AD9AFCEA-1EED-45E3-A23B-3441B2B40589}"
EndProject
Project("{2150E333-8FDC-42A3-9474-1A3956D46DE8}") = "TESTS", "TESTS", "{C0C2D218-26C2-43FA-A3D1-E47EA5B4E9CF}"
EndProject
Project("{FAE04EC0-301F-11D3-BF4B-00C04F79EFBC}") = "HulkOut.Models", "HulkOut.Models\HulkOut.Models.csproj", "{F75B8385-36E2-4966-962A-580706967F2F}"
EndProject
Project("{FAE04EC0-301F-11D3-BF4B-00C04F79EFBC}") = "HulkOut.Interfaces", "HulkOut.Interfaces\HulkOut.Interfaces.csproj", "{E569E25E-87E0-425C-AA51-AAD5AA8B52E0}"
EndProject
Project("{FAE04EC0-301F-11D3-BF4B-00C04F79EFBC}") = "HulkOut.Logic", "HulkOut.Logic\HulkOut.Logic.csproj", "{ED99B396-9A95-49D9-A861-CCA439349264}"
EndProject
Project("{2150E333-8FDC-42A3-9474-1A3956D46DE8}") = "LOGIC", "LOGIC", "{63E9646F-4352-4A58-9572-E4489C4370F3}"
EndProject
Project("{FAE04EC0-301F-11D3-BF4B-00C04F79EFBC}") = "HulkOut.Logic.Tests", "HulkOut.Logic.Tests\HulkOut.Logic.Tests.csproj", "{CC46FE20-85FC-43F3-AAEB-F0C3AFA7A20D}"
EndProject
Project("{2150E333-8FDC-42A3-9474-1A3956D46DE8}") = "DATA", "DATA", "{5628EA91-4BBA-45DA-B1E8-B1849A1289EF}"
EndProject
Project("{FAE04EC0-301F-11D3-BF4B-00C04F79EFBC}") = "HulkOut.Data.EF", "HulkOut.Data.EF\HulkOut.Data.EF.csproj", "{95D10C0F-CCAB-498A-B319-7C83FB650FF8}"
EndProject
Global
	GlobalSection(SolutionConfigurationPlatforms) = preSolution
		Debug|Any CPU = Debug|Any CPU
		Release|Any CPU = Release|Any CPU
	EndGlobalSection
	GlobalSection(ProjectConfigurationPlatforms) = postSolution
		{128DD7A9-673A-4B09-913D-3ADCA5AF683F}.Debug|Any CPU.ActiveCfg = Debug|Any CPU
		{128DD7A9-673A-4B09-913D-3ADCA5AF683F}.Debug|Any CPU.Build.0 = Debug|Any CPU
		{128DD7A9-673A-4B09-913D-3ADCA5AF683F}.Release|Any CPU.ActiveCfg = Release|Any CPU
		{128DD7A9-673A-4B09-913D-3ADCA5AF683F}.Release|Any CPU.Build.0 = Release|Any CPU
		{0C55D7A2-0722-44D8-9370-B60E4B49D033}.Debug|Any CPU.ActiveCfg = Debug|Any CPU
		{0C55D7A2-0722-44D8-9370-B60E4B49D033}.Debug|Any CPU.Build.0 = Debug|Any CPU
		{0C55D7A2-0722-44D8-9370-B60E4B49D033}.Release|Any CPU.ActiveCfg = Release|Any CPU
		{0C55D7A2-0722-44D8-9370-B60E4B49D033}.Release|Any CPU.Build.0 = Release|Any CPU
		{B4BCBB01-22F4-4F69-BA5D-0EDC79EF5FF9}.Debug|Any CPU.ActiveCfg = Debug|Any CPU
		{B4BCBB01-22F4-4F69-BA5D-0EDC79EF5FF9}.Debug|Any CPU.Build.0 = Debug|Any CPU
		{B4BCBB01-22F4-4F69-BA5D-0EDC79EF5FF9}.Release|Any CPU.ActiveCfg = Release|Any CPU
		{B4BCBB01-22F4-4F69-BA5D-0EDC79EF5FF9}.Release|Any CPU.Build.0 = Release|Any CPU
		{D47BEC2F-1255-44A4-B55E-4BFAC04B89A0}.Debug|Any CPU.ActiveCfg = Debug|Any CPU
		{D47BEC2F-1255-44A4-B55E-4BFAC04B89A0}.Debug|Any CPU.Build.0 = Debug|Any CPU
		{D47BEC2F-1255-44A4-B55E-4BFAC04B89A0}.Release|Any CPU.ActiveCfg = Release|Any CPU
		{D47BEC2F-1255-44A4-B55E-4BFAC04B89A0}.Release|Any CPU.Build.0 = Release|Any CPU
		{F75B8385-36E2-4966-962A-580706967F2F}.Debug|Any CPU.ActiveCfg = Debug|Any CPU
		{F75B8385-36E2-4966-962A-580706967F2F}.Debug|Any CPU.Build.0 = Debug|Any CPU
		{F75B8385-36E2-4966-962A-580706967F2F}.Release|Any CPU.ActiveCfg = Release|Any CPU
		{F75B8385-36E2-4966-962A-580706967F2F}.Release|Any CPU.Build.0 = Release|Any CPU
		{E569E25E-87E0-425C-AA51-AAD5AA8B52E0}.Debug|Any CPU.ActiveCfg = Debug|Any CPU
		{E569E25E-87E0-425C-AA51-AAD5AA8B52E0}.Debug|Any CPU.Build.0 = Debug|Any CPU
		{E569E25E-87E0-425C-AA51-AAD5AA8B52E0}.Release|Any CPU.ActiveCfg = Release|Any CPU
		{E569E25E-87E0-425C-AA51-AAD5AA8B52E0}.Release|Any CPU.Build.0 = Release|Any CPU
		{ED99B396-9A95-49D9-A861-CCA439349264}.Debug|Any CPU.ActiveCfg = Debug|Any CPU
		{ED99B396-9A95-49D9-A861-CCA439349264}.Debug|Any CPU.Build.0 = Debug|Any CPU
		{ED99B396-9A95-49D9-A861-CCA439349264}.Release|Any CPU.ActiveCfg = Release|Any CPU
		{ED99B396-9A95-49D9-A861-CCA439349264}.Release|Any CPU.Build.0 = Release|Any CPU
		{CC46FE20-85FC-43F3-AAEB-F0C3AFA7A20D}.Debug|Any CPU.ActiveCfg = Debug|Any CPU
		{CC46FE20-85FC-43F3-AAEB-F0C3AFA7A20D}.Debug|Any CPU.Build.0 = Debug|Any CPU
		{CC46FE20-85FC-43F3-AAEB-F0C3AFA7A20D}.Release|Any CPU.ActiveCfg = Release|Any CPU
		{CC46FE20-85FC-43F3-AAEB-F0C3AFA7A20D}.Release|Any CPU.Build.0 = Release|Any CPU
		{95D10C0F-CCAB-498A-B319-7C83FB650FF8}.Debug|Any CPU.ActiveCfg = Debug|Any CPU
		{95D10C0F-CCAB-498A-B319-7C83FB650FF8}.Debug|Any CPU.Build.0 = Debug|Any CPU
		{95D10C0F-CCAB-498A-B319-7C83FB650FF8}.Release|Any CPU.ActiveCfg = Release|Any CPU
		{95D10C0F-CCAB-498A-B319-7C83FB650FF8}.Release|Any CPU.Build.0 = Release|Any CPU
	EndGlobalSection
	GlobalSection(SolutionProperties) = preSolution
		HideSolutionNode = FALSE
	EndGlobalSection
	GlobalSection(NestedProjects) = preSolution
		{128DD7A9-673A-4B09-913D-3ADCA5AF683F} = {BF67F7D8-00BA-4784-840A-2C61CD0CE483}
		{B4BCBB01-22F4-4F69-BA5D-0EDC79EF5FF9} = {AD9AFCEA-1EED-45E3-A23B-3441B2B40589}
		{D47BEC2F-1255-44A4-B55E-4BFAC04B89A0} = {C0C2D218-26C2-43FA-A3D1-E47EA5B4E9CF}
		{C0C2D218-26C2-43FA-A3D1-E47EA5B4E9CF} = {AD9AFCEA-1EED-45E3-A23B-3441B2B40589}
		{F75B8385-36E2-4966-962A-580706967F2F} = {AD9AFCEA-1EED-45E3-A23B-3441B2B40589}
		{E569E25E-87E0-425C-AA51-AAD5AA8B52E0} = {AD9AFCEA-1EED-45E3-A23B-3441B2B40589}
		{ED99B396-9A95-49D9-A861-CCA439349264} = {63E9646F-4352-4A58-9572-E4489C4370F3}
		{CC46FE20-85FC-43F3-AAEB-F0C3AFA7A20D} = {63E9646F-4352-4A58-9572-E4489C4370F3}
		{95D10C0F-CCAB-498A-B319-7C83FB650FF8} = {5628EA91-4BBA-45DA-B1E8-B1849A1289EF}
	EndGlobalSection
EndGlobal
