
Microsoft Visual Studio Solution File, Format Version 12.00
# Visual Studio 15
VisualStudioVersion = 15.0.26730.10
MinimumVisualStudioVersion = 10.0.40219.1
Project("{9A19103F-16F7-4668-BE54-9A1E7A4F7556}") = "HulkOut", "HulkOut\HulkOut.csproj", "{AB3C99E6-D327-47B7-82D8-AA985DD21F5E}"
EndProject
Project("{9A19103F-16F7-4668-BE54-9A1E7A4F7556}") = "HulkOut.Tests", "HulkOut.Tests\HulkOut.Tests.csproj", "{45F31692-3F88-4EC9-B684-6F37164B7BDE}"
EndProject
Project("{9A19103F-16F7-4668-BE54-9A1E7A4F7556}") = "HulkOut.AspNetCore.Swashbuckle", "HulkOut.AspNetCore.Swashbuckle\HulkOut.AspNetCore.Swashbuckle.csproj", "{2C6FDE57-A504-46F9-8ED2-3B6EA07918EC}"
EndProject
Project("{FAE04EC0-301F-11D3-BF4B-00C04F79EFBC}") = "HulkOut.AspNetCore", "HulkOut.AspNetCore\HulkOut.AspNetCore.csproj", "{71F1EA23-CD8D-4EB0-9C6E-54E1682784F7}"
EndProject
Global
	GlobalSection(SolutionConfigurationPlatforms) = preSolution
		Debug|Any CPU = Debug|Any CPU
		Release|Any CPU = Release|Any CPU
	EndGlobalSection
	GlobalSection(ProjectConfigurationPlatforms) = postSolution
		{AB3C99E6-D327-47B7-82D8-AA985DD21F5E}.Debug|Any CPU.ActiveCfg = Debug|Any CPU
		{AB3C99E6-D327-47B7-82D8-AA985DD21F5E}.Debug|Any CPU.Build.0 = Debug|Any CPU
		{AB3C99E6-D327-47B7-82D8-AA985DD21F5E}.Release|Any CPU.ActiveCfg = Release|Any CPU
		{AB3C99E6-D327-47B7-82D8-AA985DD21F5E}.Release|Any CPU.Build.0 = Release|Any CPU
		{45F31692-3F88-4EC9-B684-6F37164B7BDE}.Debug|Any CPU.ActiveCfg = Debug|Any CPU
		{45F31692-3F88-4EC9-B684-6F37164B7BDE}.Debug|Any CPU.Build.0 = Debug|Any CPU
		{45F31692-3F88-4EC9-B684-6F37164B7BDE}.Release|Any CPU.ActiveCfg = Release|Any CPU
		{45F31692-3F88-4EC9-B684-6F37164B7BDE}.Release|Any CPU.Build.0 = Release|Any CPU
		{2C6FDE57-A504-46F9-8ED2-3B6EA07918EC}.Debug|Any CPU.ActiveCfg = Debug|Any CPU
		{2C6FDE57-A504-46F9-8ED2-3B6EA07918EC}.Debug|Any CPU.Build.0 = Debug|Any CPU
		{2C6FDE57-A504-46F9-8ED2-3B6EA07918EC}.Release|Any CPU.ActiveCfg = Release|Any CPU
		{2C6FDE57-A504-46F9-8ED2-3B6EA07918EC}.Release|Any CPU.Build.0 = Release|Any CPU
		{71F1EA23-CD8D-4EB0-9C6E-54E1682784F7}.Debug|Any CPU.ActiveCfg = Debug|Any CPU
		{71F1EA23-CD8D-4EB0-9C6E-54E1682784F7}.Debug|Any CPU.Build.0 = Debug|Any CPU
		{71F1EA23-CD8D-4EB0-9C6E-54E1682784F7}.Release|Any CPU.ActiveCfg = Release|Any CPU
		{71F1EA23-CD8D-4EB0-9C6E-54E1682784F7}.Release|Any CPU.Build.0 = Release|Any CPU
	EndGlobalSection
	GlobalSection(SolutionProperties) = preSolution
		HideSolutionNode = FALSE
	EndGlobalSection
	GlobalSection(ExtensibilityGlobals) = postSolution
		SolutionGuid = {C122B0F5-3B57-4966-9219-F2478834F208}
	EndGlobalSection
EndGlobal
