
Microsoft Visual Studio Solution File, Format Version 12.00
# Visual Studio 15
VisualStudioVersion = 15.0.26430.14
MinimumVisualStudioVersion = 10.0.40219.1
Project("{A07B5EB6-E848-4116-A8D0-A826331D98C6}") = "HulkOut", "HulkOut\HulkOut.sfproj", "{E9B2425A-A062-437D-8D08-411210C4036B}"
EndProject
Project("{9A19103F-16F7-4668-BE54-9A1E7A4F7556}") = "HulkOut.Api", "HulkOut.Api\HulkOut.Api.csproj", "{290A923D-C7EA-4062-A418-59B017BD533B}"
EndProject
Project("{9A19103F-16F7-4668-BE54-9A1E7A4F7556}") = "HulkOut.Shared", "HulkOut.Shared\HulkOut.Shared.csproj", "{3891FF3A-D142-42F6-AB60-688916E8CF9B}"
EndProject
Project("{9A19103F-16F7-4668-BE54-9A1E7A4F7556}") = "HulkOut.Utils", "HulkOut.Utils\HulkOut.Utils.csproj", "{9D0F9572-E978-43CE-BA69-D680D62517FE}"
EndProject
Project("{9A19103F-16F7-4668-BE54-9A1E7A4F7556}") = "HulkOut.Utils.Tests", "HulkOut.Utils.Tests\HulkOut.Utils.Tests.csproj", "{FDAFA6A2-0770-4328-A0D5-8E37DCC4120F}"
EndProject
Project("{2150E333-8FDC-42A3-9474-1A3956D46DE8}") = "SHARED", "SHARED", "{184F9448-7387-45F7-AA31-4298B1AA294A}"
EndProject
Project("{2150E333-8FDC-42A3-9474-1A3956D46DE8}") = "TESTS", "TESTS", "{A0730D7B-527B-4632-8285-0E2620450EFD}"
EndProject
Project("{2150E333-8FDC-42A3-9474-1A3956D46DE8}") = "DATA", "DATA", "{ABE5E856-53C7-484C-9B61-33397C3E5F73}"
EndProject
Project("{2150E333-8FDC-42A3-9474-1A3956D46DE8}") = "LOGIC", "LOGIC", "{FFB37AA7-F930-4CDF-A876-CCC0812C391F}"
EndProject
Project("{2150E333-8FDC-42A3-9474-1A3956D46DE8}") = "API", "API", "{555DB8AB-EAAD-4E59-B9C6-6AD7B874FA91}"
EndProject
Project("{9A19103F-16F7-4668-BE54-9A1E7A4F7556}") = "HulkOut.Data.EF", "HulkOut.Data.EF\HulkOut.Data.EF.csproj", "{E017248E-1966-4B89-97D1-14A5AAB8EC06}"
EndProject
Project("{9A19103F-16F7-4668-BE54-9A1E7A4F7556}") = "HulkOut.Logic", "HulkOut.Logic\HulkOut.Logic.csproj", "{747ACC18-54EB-4770-B9FD-E06D5AD3E67D}"
EndProject
Project("{9A19103F-16F7-4668-BE54-9A1E7A4F7556}") = "HulkOut.Logic.Tests", "HulkOut.Logic.Tests\HulkOut.Logic.Tests.csproj", "{BCB7BA65-FE64-4608-ADBD-F11838DFB882}"
EndProject
Global
	GlobalSection(SolutionConfigurationPlatforms) = preSolution
		Debug|Any CPU = Debug|Any CPU
		Debug|x64 = Debug|x64
		Release|Any CPU = Release|Any CPU
		Release|x64 = Release|x64
	EndGlobalSection
	GlobalSection(ProjectConfigurationPlatforms) = postSolution
		{E9B2425A-A062-437D-8D08-411210C4036B}.Debug|Any CPU.ActiveCfg = Debug|x64
		{E9B2425A-A062-437D-8D08-411210C4036B}.Debug|x64.ActiveCfg = Debug|x64
		{E9B2425A-A062-437D-8D08-411210C4036B}.Debug|x64.Build.0 = Debug|x64
		{E9B2425A-A062-437D-8D08-411210C4036B}.Debug|x64.Deploy.0 = Debug|x64
		{E9B2425A-A062-437D-8D08-411210C4036B}.Release|Any CPU.ActiveCfg = Release|x64
		{E9B2425A-A062-437D-8D08-411210C4036B}.Release|x64.ActiveCfg = Release|x64
		{E9B2425A-A062-437D-8D08-411210C4036B}.Release|x64.Build.0 = Release|x64
		{E9B2425A-A062-437D-8D08-411210C4036B}.Release|x64.Deploy.0 = Release|x64
		{290A923D-C7EA-4062-A418-59B017BD533B}.Debug|Any CPU.ActiveCfg = Debug|Any CPU
		{290A923D-C7EA-4062-A418-59B017BD533B}.Debug|Any CPU.Build.0 = Debug|Any CPU
		{290A923D-C7EA-4062-A418-59B017BD533B}.Debug|x64.ActiveCfg = Debug|Any CPU
		{290A923D-C7EA-4062-A418-59B017BD533B}.Debug|x64.Build.0 = Debug|Any CPU
		{290A923D-C7EA-4062-A418-59B017BD533B}.Release|Any CPU.ActiveCfg = Release|Any CPU
		{290A923D-C7EA-4062-A418-59B017BD533B}.Release|Any CPU.Build.0 = Release|Any CPU
		{290A923D-C7EA-4062-A418-59B017BD533B}.Release|x64.ActiveCfg = Release|Any CPU
		{290A923D-C7EA-4062-A418-59B017BD533B}.Release|x64.Build.0 = Release|Any CPU
		{3891FF3A-D142-42F6-AB60-688916E8CF9B}.Debug|Any CPU.ActiveCfg = Debug|Any CPU
		{3891FF3A-D142-42F6-AB60-688916E8CF9B}.Debug|Any CPU.Build.0 = Debug|Any CPU
		{3891FF3A-D142-42F6-AB60-688916E8CF9B}.Debug|x64.ActiveCfg = Debug|Any CPU
		{3891FF3A-D142-42F6-AB60-688916E8CF9B}.Debug|x64.Build.0 = Debug|Any CPU
		{3891FF3A-D142-42F6-AB60-688916E8CF9B}.Release|Any CPU.ActiveCfg = Release|Any CPU
		{3891FF3A-D142-42F6-AB60-688916E8CF9B}.Release|Any CPU.Build.0 = Release|Any CPU
		{3891FF3A-D142-42F6-AB60-688916E8CF9B}.Release|x64.ActiveCfg = Release|Any CPU
		{3891FF3A-D142-42F6-AB60-688916E8CF9B}.Release|x64.Build.0 = Release|Any CPU
		{9D0F9572-E978-43CE-BA69-D680D62517FE}.Debug|Any CPU.ActiveCfg = Debug|Any CPU
		{9D0F9572-E978-43CE-BA69-D680D62517FE}.Debug|Any CPU.Build.0 = Debug|Any CPU
		{9D0F9572-E978-43CE-BA69-D680D62517FE}.Debug|x64.ActiveCfg = Debug|Any CPU
		{9D0F9572-E978-43CE-BA69-D680D62517FE}.Debug|x64.Build.0 = Debug|Any CPU
		{9D0F9572-E978-43CE-BA69-D680D62517FE}.Release|Any CPU.ActiveCfg = Release|Any CPU
		{9D0F9572-E978-43CE-BA69-D680D62517FE}.Release|Any CPU.Build.0 = Release|Any CPU
		{9D0F9572-E978-43CE-BA69-D680D62517FE}.Release|x64.ActiveCfg = Release|Any CPU
		{9D0F9572-E978-43CE-BA69-D680D62517FE}.Release|x64.Build.0 = Release|Any CPU
		{FDAFA6A2-0770-4328-A0D5-8E37DCC4120F}.Debug|Any CPU.ActiveCfg = Debug|Any CPU
		{FDAFA6A2-0770-4328-A0D5-8E37DCC4120F}.Debug|Any CPU.Build.0 = Debug|Any CPU
		{FDAFA6A2-0770-4328-A0D5-8E37DCC4120F}.Debug|x64.ActiveCfg = Debug|Any CPU
		{FDAFA6A2-0770-4328-A0D5-8E37DCC4120F}.Debug|x64.Build.0 = Debug|Any CPU
		{FDAFA6A2-0770-4328-A0D5-8E37DCC4120F}.Release|Any CPU.ActiveCfg = Release|Any CPU
		{FDAFA6A2-0770-4328-A0D5-8E37DCC4120F}.Release|Any CPU.Build.0 = Release|Any CPU
		{FDAFA6A2-0770-4328-A0D5-8E37DCC4120F}.Release|x64.ActiveCfg = Release|Any CPU
		{FDAFA6A2-0770-4328-A0D5-8E37DCC4120F}.Release|x64.Build.0 = Release|Any CPU
		{E017248E-1966-4B89-97D1-14A5AAB8EC06}.Debug|Any CPU.ActiveCfg = Debug|Any CPU
		{E017248E-1966-4B89-97D1-14A5AAB8EC06}.Debug|Any CPU.Build.0 = Debug|Any CPU
		{E017248E-1966-4B89-97D1-14A5AAB8EC06}.Debug|x64.ActiveCfg = Debug|Any CPU
		{E017248E-1966-4B89-97D1-14A5AAB8EC06}.Debug|x64.Build.0 = Debug|Any CPU
		{E017248E-1966-4B89-97D1-14A5AAB8EC06}.Release|Any CPU.ActiveCfg = Release|Any CPU
		{E017248E-1966-4B89-97D1-14A5AAB8EC06}.Release|Any CPU.Build.0 = Release|Any CPU
		{E017248E-1966-4B89-97D1-14A5AAB8EC06}.Release|x64.ActiveCfg = Release|Any CPU
		{E017248E-1966-4B89-97D1-14A5AAB8EC06}.Release|x64.Build.0 = Release|Any CPU
		{747ACC18-54EB-4770-B9FD-E06D5AD3E67D}.Debug|Any CPU.ActiveCfg = Debug|Any CPU
		{747ACC18-54EB-4770-B9FD-E06D5AD3E67D}.Debug|Any CPU.Build.0 = Debug|Any CPU
		{747ACC18-54EB-4770-B9FD-E06D5AD3E67D}.Debug|x64.ActiveCfg = Debug|Any CPU
		{747ACC18-54EB-4770-B9FD-E06D5AD3E67D}.Debug|x64.Build.0 = Debug|Any CPU
		{747ACC18-54EB-4770-B9FD-E06D5AD3E67D}.Release|Any CPU.ActiveCfg = Release|Any CPU
		{747ACC18-54EB-4770-B9FD-E06D5AD3E67D}.Release|Any CPU.Build.0 = Release|Any CPU
		{747ACC18-54EB-4770-B9FD-E06D5AD3E67D}.Release|x64.ActiveCfg = Release|Any CPU
		{747ACC18-54EB-4770-B9FD-E06D5AD3E67D}.Release|x64.Build.0 = Release|Any CPU
		{BCB7BA65-FE64-4608-ADBD-F11838DFB882}.Debug|Any CPU.ActiveCfg = Debug|Any CPU
		{BCB7BA65-FE64-4608-ADBD-F11838DFB882}.Debug|Any CPU.Build.0 = Debug|Any CPU
		{BCB7BA65-FE64-4608-ADBD-F11838DFB882}.Debug|x64.ActiveCfg = Debug|Any CPU
		{BCB7BA65-FE64-4608-ADBD-F11838DFB882}.Debug|x64.Build.0 = Debug|Any CPU
		{BCB7BA65-FE64-4608-ADBD-F11838DFB882}.Release|Any CPU.ActiveCfg = Release|Any CPU
		{BCB7BA65-FE64-4608-ADBD-F11838DFB882}.Release|Any CPU.Build.0 = Release|Any CPU
		{BCB7BA65-FE64-4608-ADBD-F11838DFB882}.Release|x64.ActiveCfg = Release|Any CPU
		{BCB7BA65-FE64-4608-ADBD-F11838DFB882}.Release|x64.Build.0 = Release|Any CPU
	EndGlobalSection
	GlobalSection(SolutionProperties) = preSolution
		HideSolutionNode = FALSE
	EndGlobalSection
	GlobalSection(NestedProjects) = preSolution
		{290A923D-C7EA-4062-A418-59B017BD533B} = {555DB8AB-EAAD-4E59-B9C6-6AD7B874FA91}
		{3891FF3A-D142-42F6-AB60-688916E8CF9B} = {184F9448-7387-45F7-AA31-4298B1AA294A}
		{9D0F9572-E978-43CE-BA69-D680D62517FE} = {184F9448-7387-45F7-AA31-4298B1AA294A}
		{FDAFA6A2-0770-4328-A0D5-8E37DCC4120F} = {A0730D7B-527B-4632-8285-0E2620450EFD}
		{A0730D7B-527B-4632-8285-0E2620450EFD} = {184F9448-7387-45F7-AA31-4298B1AA294A}
		{ABE5E856-53C7-484C-9B61-33397C3E5F73} = {555DB8AB-EAAD-4E59-B9C6-6AD7B874FA91}
		{FFB37AA7-F930-4CDF-A876-CCC0812C391F} = {555DB8AB-EAAD-4E59-B9C6-6AD7B874FA91}
		{E017248E-1966-4B89-97D1-14A5AAB8EC06} = {ABE5E856-53C7-484C-9B61-33397C3E5F73}
		{747ACC18-54EB-4770-B9FD-E06D5AD3E67D} = {FFB37AA7-F930-4CDF-A876-CCC0812C391F}
		{BCB7BA65-FE64-4608-ADBD-F11838DFB882} = {FFB37AA7-F930-4CDF-A876-CCC0812C391F}
	EndGlobalSection
EndGlobal
