
Microsoft Visual Studio Solution File, Format Version 12.00
# Visual Studio 15
VisualStudioVersion = 15.0.26730.10
MinimumVisualStudioVersion = 10.0.40219.1
Project("{9A19103F-16F7-4668-BE54-9A1E7A4F7556}") = "HulkOut", "HulkOut\HulkOut.csproj", "{AB3C99E6-D327-47B7-82D8-AA985DD21F5E}"
EndProject
Project("{9A19103F-16F7-4668-BE54-9A1E7A4F7556}") = "HulkOut.Tests", "HulkOut.Tests\HulkOut.Tests.csproj", "{45F31692-3F88-4EC9-B684-6F37164B7BDE}"
EndProject
Global
	GlobalSection(SolutionConfigurationPlatforms) = preSolution
		Debug|Any CPU = Debug|Any CPU
		Release|Any CPU = Release|Any CPU
	EndGlobalSection
	GlobalSection(ProjectConfigurationPlatforms) = postSolution
		{AB3C99E6-D327-47B7-82D8-AA985DD21F5E}.Debug|Any CPU.ActiveCfg = Debug|Any CPU
		{AB3C99E6-D327-47B7-82D8-AA985DD21F5E}.Debug|Any CPU.Build.0 = Debug|Any CPU
		{AB3C99E6-D327-47B7-82D8-AA985DD21F5E}.Release|Any CPU.ActiveCfg = Release|Any CPU
		{AB3C99E6-D327-47B7-82D8-AA985DD21F5E}.Release|Any CPU.Build.0 = Release|Any CPU
		{45F31692-3F88-4EC9-B684-6F37164B7BDE}.Debug|Any CPU.ActiveCfg = Debug|Any CPU
		{45F31692-3F88-4EC9-B684-6F37164B7BDE}.Debug|Any CPU.Build.0 = Debug|Any CPU
		{45F31692-3F88-4EC9-B684-6F37164B7BDE}.Release|Any CPU.ActiveCfg = Release|Any CPU
		{45F31692-3F88-4EC9-B684-6F37164B7BDE}.Release|Any CPU.Build.0 = Release|Any CPU
	EndGlobalSection
	GlobalSection(SolutionProperties) = preSolution
		HideSolutionNode = FALSE
	EndGlobalSection
	GlobalSection(ExtensibilityGlobals) = postSolution
		SolutionGuid = {C122B0F5-3B57-4966-9219-F2478834F208}
	EndGlobalSection
EndGlobal
